{
  "nodes": {
    "nixpkgs": {
      "locked": {
        "lastModified": 1647598144,
        "narHash": "sha256-ulGq3W5XsrBMU/u5k9d4oPy65pQTkunR4HKKtTq0RwY=",
        "owner": "flox",
        "repo": "nixpkgs",
        "rev": "d236aeb87f660cb2945dad63bcfdd2540eda1b53",
        "type": "github"
      },
      "original": {
        "owner": "flox",
        "ref": "stable",
        "repo": "nixpkgs",
        "type": "github"
      }
    },
    "root": {
      "inputs": {
        "nixpkgs": "nixpkgs"
      }
    }
  },
  "root": "root",
  "version": 7
}
